
Microsoft Visual Studio Solution File, Format Version 12.00
# Visual Studio 15
VisualStudioVersion = 15.0.28307.329
MinimumVisualStudioVersion = 10.0.40219.1
Project("{FAE04EC0-301F-11D3-BF4B-00C04F79EFBC}") = "Video.ConsoleApplication", "Video.ConsoleApplication/Video.ConsoleApplication.csproj", "{7CA2B1D2-D3A5-4C04-9482-AE7AFC1CD09A}"
EndProject
Project("{FAE04EC0-301F-11D3-BF4B-00C04F79EFBC}") = "Video.Lib", "Video.Lib/Video.Lib.csproj", "{5C314C86-5173-4F33-9B03-FB61588BCB8B}"
EndProject
Global
	GlobalSection(SolutionConfigurationPlatforms) = preSolution
		Debug|Any CPU = Debug|Any CPU
		Release|Any CPU = Release|Any CPU
	EndGlobalSection
	GlobalSection(ProjectConfigurationPlatforms) = postSolution
		{7CA2B1D2-D3A5-4C04-9482-AE7AFC1CD09A}.Debug|Any CPU.ActiveCfg = Debug|Any CPU
		{7CA2B1D2-D3A5-4C04-9482-AE7AFC1CD09A}.Debug|Any CPU.Build.0 = Debug|Any CPU
		{7CA2B1D2-D3A5-4C04-9482-AE7AFC1CD09A}.Release|Any CPU.ActiveCfg = Release|Any CPU
		{7CA2B1D2-D3A5-4C04-9482-AE7AFC1CD09A}.Release|Any CPU.Build.0 = Release|Any CPU
		{5C314C86-5173-4F33-9B03-FB61588BCB8B}.Debug|Any CPU.ActiveCfg = Debug|Any CPU
		{5C314C86-5173-4F33-9B03-FB61588BCB8B}.Debug|Any CPU.Build.0 = Debug|Any CPU
		{5C314C86-5173-4F33-9B03-FB61588BCB8B}.Release|Any CPU.ActiveCfg = Release|Any CPU
		{5C314C86-5173-4F33-9B03-FB61588BCB8B}.Release|Any CPU.Build.0 = Release|Any CPU
	EndGlobalSection
	GlobalSection(SolutionProperties) = preSolution
		HideSolutionNode = FALSE
	EndGlobalSection
	GlobalSection(ExtensibilityGlobals) = postSolution
		SolutionGuid = {C7156B75-4A04-4723-804A-C77B5FC9366A}
	EndGlobalSection
EndGlobal
